
Microsoft Visual Studio Solution File, Format Version 12.00
# Visual Studio Version 17
VisualStudioVersion = 17.4.33110.190
MinimumVisualStudioVersion = 10.0.40219.1
Project("{9A19103F-16F7-4668-BE54-9A1E7A4F7556}") = "UsersApi.Services", "UsersApi.Services\UsersApi.Services.csproj", "{3D6672BB-6685-42DD-8D25-C0F5D5BB0CB1}"
EndProject
Project("{2150E333-8FDC-42A3-9474-1A3956D46DE8}") = "1 - API", "1 - API", "{25B10F21-8C5A-4EDC-88C2-E92273C96835}"
EndProject
Project("{2150E333-8FDC-42A3-9474-1A3956D46DE8}") = "2 - DDD", "2 - DDD", "{418ABBC2-E3F1-4A6F-8CC8-788F949646BB}"
EndProject
Project("{2150E333-8FDC-42A3-9474-1A3956D46DE8}") = "Application", "Application", "{7CFE04A7-3AA8-484F-98D9-B8927FCF1878}"
EndProject
Project("{2150E333-8FDC-42A3-9474-1A3956D46DE8}") = "Domain", "Domain", "{6BE99316-4038-4941-BC3A-48B4B61405C1}"
EndProject
Project("{2150E333-8FDC-42A3-9474-1A3956D46DE8}") = "Infrastructure", "Infrastructure", "{6FF9F653-2327-4062-88E0-6A11CA39FC8C}"
EndProject
Project("{2150E333-8FDC-42A3-9474-1A3956D46DE8}") = "3 - TDD", "3 - TDD", "{4D11817D-AB99-42B0-9B37-54D3A92043E7}"
EndProject
Project("{9A19103F-16F7-4668-BE54-9A1E7A4F7556}") = "UsersApi.IntegrationTests", "UsersApi.IntegrationTests\UsersApi.IntegrationTests.csproj", "{263348EE-F1DC-47E1-B13D-B464AADC971A}"
EndProject
Project("{9A19103F-16F7-4668-BE54-9A1E7A4F7556}") = "UsersApi.Domain", "UsersApi.Domain\UsersApi.Domain.csproj", "{E130099A-F526-4362-8805-2A110E20BE88}"
EndProject
Project("{9A19103F-16F7-4668-BE54-9A1E7A4F7556}") = "UsersApi.Infra.Data", "UsersApi.Infra.Data\UsersApi.Infra.Data.csproj", "{4EC033EA-85F7-4FC4-9945-AD04E7ED26AE}"
EndProject
Project("{9A19103F-16F7-4668-BE54-9A1E7A4F7556}") = "UsersApi.Application", "UsersApi.Application\UsersApi.Application.csproj", "{516FF73C-78A9-4994-B9E2-E72ACAD8EDE1}"
EndProject
Project("{9A19103F-16F7-4668-BE54-9A1E7A4F7556}") = "UsersApi.Infra.IoC", "UsersApi.Infra.IoC\UsersApi.Infra.IoC.csproj", "{56DE96F7-2A6F-4A68-B5C9-D4337046099A}"
EndProject
Project("{FAE04EC0-301F-11D3-BF4B-00C04F79EFBC}") = "UsersApi.Infra.Security", "UsersApi.Infra.Security\UsersApi.Infra.Security.csproj", "{6D53EC0F-69B3-491C-886F-8A073AFB0A6C}"
EndProject
Global
	GlobalSection(SolutionConfigurationPlatforms) = preSolution
		Debug|Any CPU = Debug|Any CPU
		Release|Any CPU = Release|Any CPU
	EndGlobalSection
	GlobalSection(ProjectConfigurationPlatforms) = postSolution
		{3D6672BB-6685-42DD-8D25-C0F5D5BB0CB1}.Debug|Any CPU.ActiveCfg = Debug|Any CPU
		{3D6672BB-6685-42DD-8D25-C0F5D5BB0CB1}.Debug|Any CPU.Build.0 = Debug|Any CPU
		{3D6672BB-6685-42DD-8D25-C0F5D5BB0CB1}.Release|Any CPU.ActiveCfg = Release|Any CPU
		{3D6672BB-6685-42DD-8D25-C0F5D5BB0CB1}.Release|Any CPU.Build.0 = Release|Any CPU
		{263348EE-F1DC-47E1-B13D-B464AADC971A}.Debug|Any CPU.ActiveCfg = Debug|Any CPU
		{263348EE-F1DC-47E1-B13D-B464AADC971A}.Debug|Any CPU.Build.0 = Debug|Any CPU
		{263348EE-F1DC-47E1-B13D-B464AADC971A}.Release|Any CPU.ActiveCfg = Release|Any CPU
		{263348EE-F1DC-47E1-B13D-B464AADC971A}.Release|Any CPU.Build.0 = Release|Any CPU
		{E130099A-F526-4362-8805-2A110E20BE88}.Debug|Any CPU.ActiveCfg = Debug|Any CPU
		{E130099A-F526-4362-8805-2A110E20BE88}.Debug|Any CPU.Build.0 = Debug|Any CPU
		{E130099A-F526-4362-8805-2A110E20BE88}.Release|Any CPU.ActiveCfg = Release|Any CPU
		{E130099A-F526-4362-8805-2A110E20BE88}.Release|Any CPU.Build.0 = Release|Any CPU
		{4EC033EA-85F7-4FC4-9945-AD04E7ED26AE}.Debug|Any CPU.ActiveCfg = Debug|Any CPU
		{4EC033EA-85F7-4FC4-9945-AD04E7ED26AE}.Debug|Any CPU.Build.0 = Debug|Any CPU
		{4EC033EA-85F7-4FC4-9945-AD04E7ED26AE}.Release|Any CPU.ActiveCfg = Release|Any CPU
		{4EC033EA-85F7-4FC4-9945-AD04E7ED26AE}.Release|Any CPU.Build.0 = Release|Any CPU
		{516FF73C-78A9-4994-B9E2-E72ACAD8EDE1}.Debug|Any CPU.ActiveCfg = Debug|Any CPU
		{516FF73C-78A9-4994-B9E2-E72ACAD8EDE1}.Debug|Any CPU.Build.0 = Debug|Any CPU
		{516FF73C-78A9-4994-B9E2-E72ACAD8EDE1}.Release|Any CPU.ActiveCfg = Release|Any CPU
		{516FF73C-78A9-4994-B9E2-E72ACAD8EDE1}.Release|Any CPU.Build.0 = Release|Any CPU
		{56DE96F7-2A6F-4A68-B5C9-D4337046099A}.Debug|Any CPU.ActiveCfg = Debug|Any CPU
		{56DE96F7-2A6F-4A68-B5C9-D4337046099A}.Debug|Any CPU.Build.0 = Debug|Any CPU
		{56DE96F7-2A6F-4A68-B5C9-D4337046099A}.Release|Any CPU.ActiveCfg = Release|Any CPU
		{56DE96F7-2A6F-4A68-B5C9-D4337046099A}.Release|Any CPU.Build.0 = Release|Any CPU
		{6D53EC0F-69B3-491C-886F-8A073AFB0A6C}.Debug|Any CPU.ActiveCfg = Debug|Any CPU
		{6D53EC0F-69B3-491C-886F-8A073AFB0A6C}.Debug|Any CPU.Build.0 = Debug|Any CPU
		{6D53EC0F-69B3-491C-886F-8A073AFB0A6C}.Release|Any CPU.ActiveCfg = Release|Any CPU
		{6D53EC0F-69B3-491C-886F-8A073AFB0A6C}.Release|Any CPU.Build.0 = Release|Any CPU
	EndGlobalSection
	GlobalSection(SolutionProperties) = preSolution
		HideSolutionNode = FALSE
	EndGlobalSection
	GlobalSection(NestedProjects) = preSolution
		{3D6672BB-6685-42DD-8D25-C0F5D5BB0CB1} = {25B10F21-8C5A-4EDC-88C2-E92273C96835}
		{7CFE04A7-3AA8-484F-98D9-B8927FCF1878} = {418ABBC2-E3F1-4A6F-8CC8-788F949646BB}
		{6BE99316-4038-4941-BC3A-48B4B61405C1} = {418ABBC2-E3F1-4A6F-8CC8-788F949646BB}
		{6FF9F653-2327-4062-88E0-6A11CA39FC8C} = {418ABBC2-E3F1-4A6F-8CC8-788F949646BB}
		{263348EE-F1DC-47E1-B13D-B464AADC971A} = {4D11817D-AB99-42B0-9B37-54D3A92043E7}
		{E130099A-F526-4362-8805-2A110E20BE88} = {6BE99316-4038-4941-BC3A-48B4B61405C1}
		{4EC033EA-85F7-4FC4-9945-AD04E7ED26AE} = {6FF9F653-2327-4062-88E0-6A11CA39FC8C}
		{516FF73C-78A9-4994-B9E2-E72ACAD8EDE1} = {7CFE04A7-3AA8-484F-98D9-B8927FCF1878}
		{56DE96F7-2A6F-4A68-B5C9-D4337046099A} = {6FF9F653-2327-4062-88E0-6A11CA39FC8C}
		{6D53EC0F-69B3-491C-886F-8A073AFB0A6C} = {6FF9F653-2327-4062-88E0-6A11CA39FC8C}
	EndGlobalSection
	GlobalSection(ExtensibilityGlobals) = postSolution
		SolutionGuid = {E6059703-879F-4E36-936C-DAC508DA13F5}
	EndGlobalSection
EndGlobal
